<?xml version="1.0" encoding="utf-8"?>
<Project ToolsVersion="4.0" xmlns="http://schemas.microsoft.com/developer/msbuild/2003">
  <ItemGroup>
    <Filter Include="win32">
      <UniqueIdentifier>{84a8ebd7-7cf0-47f6-b75e-d441df67da40}</UniqueIdentifier>
    </Filter>
    <Filter Include="resource">
      <UniqueIdentifier>{715254bc-d70b-4ec5-bf29-467dd3ace079}</UniqueIdentifier>
    </Filter>
    <Filter Include="src">
      <UniqueIdentifier>{bb6c862e-70e9-49d9-81b7-3829a6f50471}</UniqueIdentifier>
    </Filter>
    <Filter Include="MainMenu">
      <UniqueIdentifier>{6a4b348d-3f4e-41be-94d8-36b3d5b2b21d}</UniqueIdentifier>
    </Filter>
    <Filter Include="GameScene">
      <UniqueIdentifier>{a82ec2cd-8826-448e-9a2c-1a94636fb67b}</UniqueIdentifier>
    </Filter>
  </ItemGroup>
  <ItemGroup>
    <ClCompile Include="main.cpp">
      <Filter>win32</Filter>
    </ClCompile>
    <ClCompile Include="..\Classes\AppDelegate.cpp" />
    <ClCompile Include="..\Classes\MainMenuScene.cpp">
      <Filter>MainMenu</Filter>
    </ClCompile>
    <ClCompile Include="..\Classes\GameScene.cpp">
      <Filter>GameScene</Filter>
    </ClCompile>
    <ClCompile Include="..\Classes\Cursor.cpp">
      <Filter>GameScene</Filter>
    </ClCompile>
    <ClCompile Include="..\Classes\Unit.cpp">
      <Filter>GameScene</Filter>
    </ClCompile>
    <ClCompile Include="..\Classes\TileMgr.cpp">
      <Filter>GameScene</Filter>
    </ClCompile>
    <ClCompile Include="..\Classes\MapTile.cpp">
      <Filter>GameScene</Filter>
    </ClCompile>
    <ClCompile Include="..\Classes\NatTypes.cpp">
      <Filter>GameScene</Filter>
    </ClCompile>
    <ClCompile Include="..\Classes\StringHelpers.cpp" />
  </ItemGroup>
  <ItemGroup>
    <ClInclude Include="main.h">
      <Filter>win32</Filter>
    </ClInclude>
    <ClInclude Include="..\Classes\AppDelegate.h" />
    <ClInclude Include="..\Classes\MainMenuScene.h">
      <Filter>MainMenu</Filter>
    </ClInclude>
    <ClInclude Include="..\Classes\GameScene.h">
      <Filter>GameScene</Filter>
    </ClInclude>
    <ClInclude Include="..\Classes\Cursor.h">
      <Filter>GameScene</Filter>
    </ClInclude>
    <ClInclude Include="..\Classes\Unit.h">
      <Filter>GameScene</Filter>
    </ClInclude>
    <ClInclude Include="..\Classes\TileMgr.h">
      <Filter>GameScene</Filter>
    </ClInclude>
    <ClInclude Include="..\Classes\MapTile.h">
      <Filter>GameScene</Filter>
    </ClInclude>
    <ClInclude Include="..\Classes\NatTypes.h">
      <Filter>GameScene</Filter>
    </ClInclude>
    <ClInclude Include="..\Classes\StringHelpers.h">
      <Filter>GameScene</Filter>
    </ClInclude>
  </ItemGroup>
  <ItemGroup>
    <ResourceCompile Include="game.rc">
      <Filter>resource</Filter>
    </ResourceCompile>
  </ItemGroup>
</Project>